
Microsoft Visual Studio Solution File, Format Version 12.00
# Visual Studio Version 16
VisualStudioVersion = 16.0.29806.167
MinimumVisualStudioVersion = 10.0.40219.1
Project("{FAE04EC0-301F-11D3-BF4B-00C04F79EFBC}") = "NiBot.Kahla", "NiBot.Kahla\NiBot.Kahla.csproj", "{F7E7B93C-2112-4A06-A15E-BF9FB00BBDAF}"
EndProject
Global
	GlobalSection(SolutionConfigurationPlatforms) = preSolution
		Debug|Any CPU = Debug|Any CPU
		Release|Any CPU = Release|Any CPU
	EndGlobalSection
	GlobalSection(ProjectConfigurationPlatforms) = postSolution
		{F7E7B93C-2112-4A06-A15E-BF9FB00BBDAF}.Debug|Any CPU.ActiveCfg = Debug|Any CPU
		{F7E7B93C-2112-4A06-A15E-BF9FB00BBDAF}.Debug|Any CPU.Build.0 = Debug|Any CPU
		{F7E7B93C-2112-4A06-A15E-BF9FB00BBDAF}.Release|Any CPU.ActiveCfg = Release|Any CPU
		{F7E7B93C-2112-4A06-A15E-BF9FB00BBDAF}.Release|Any CPU.Build.0 = Release|Any CPU
	EndGlobalSection
	GlobalSection(SolutionProperties) = preSolution
		HideSolutionNode = FALSE
	EndGlobalSection
	GlobalSection(ExtensibilityGlobals) = postSolution
		SolutionGuid = {F6F512C1-2E9D-454C-A0DB-7864BA8F216F}
	EndGlobalSection
EndGlobal
